<?xml version="1.0" encoding="utf-8"?>
<Project ToolsVersion="4.0" xmlns="http://schemas.microsoft.com/developer/msbuild/2003">
  <ItemGroup>
    <ClCompile Include="Events.cpp" />
    <ClCompile Include="Utils.cpp" />
    <ClCompile Include="Hooks.cpp" />
    <ClCompile Include="main.cpp" />
    <ClCompile Include="Papyrus.cpp" />
    <ClCompile Include="Scaleform.cpp" />
  </ItemGroup>
  <ItemGroup>
    <ClInclude Include="Address.h" />
    <ClInclude Include="Utils.h" />
    <ClInclude Include="Events.h" />
    <ClInclude Include="Hooks.h" />
    <ClInclude Include="HookUtil.h" />
    <ClInclude Include="Papyrus.h" />
    <ClInclude Include="Scaleform.h" />
  </ItemGroup>
</Project>